
Microsoft Visual Studio Solution File, Format Version 12.00
# Visual Studio Version 17
VisualStudioVersion = 17.3.32825.248
MinimumVisualStudioVersion = 10.0.40219.1
Project("{FAE04EC0-301F-11D3-BF4B-00C04F79EFBC}") = "учет буджета", "учет буджета.csproj", "{62653079-0386-4070-BCCD-AF00F6C87D9B}"
EndProject
Global
	GlobalSection(SolutionConfigurationPlatforms) = preSolution
		Debug|Any CPU = Debug|Any CPU
		Release|Any CPU = Release|Any CPU
	EndGlobalSection
	GlobalSection(ProjectConfigurationPlatforms) = postSolution
		{62653079-0386-4070-BCCD-AF00F6C87D9B}.Debug|Any CPU.ActiveCfg = Debug|Any CPU
		{62653079-0386-4070-BCCD-AF00F6C87D9B}.Debug|Any CPU.Build.0 = Debug|Any CPU
		{62653079-0386-4070-BCCD-AF00F6C87D9B}.Release|Any CPU.ActiveCfg = Release|Any CPU
		{62653079-0386-4070-BCCD-AF00F6C87D9B}.Release|Any CPU.Build.0 = Release|Any CPU
	EndGlobalSection
	GlobalSection(SolutionProperties) = preSolution
		HideSolutionNode = FALSE
	EndGlobalSection
	GlobalSection(ExtensibilityGlobals) = postSolution
		SolutionGuid = {DF7732E0-B75E-4E13-B381-9A14F2EAC69D}
	EndGlobalSection
EndGlobal
